
Microsoft Visual Studio Solution File, Format Version 12.00
# Visual Studio Version 17
VisualStudioVersion = 17.2.32526.322
MinimumVisualStudioVersion = 10.0.40219.1
Project("{FAE04EC0-301F-11D3-BF4B-00C04F79EFBC}") = "Notas_estudiantes", "Notas_estudiantes\Notas_estudiantes.csproj", "{FC81278D-9A68-4CA8-AB5E-1A0D5DC3B19D}"
EndProject
Global
	GlobalSection(SolutionConfigurationPlatforms) = preSolution
		Debug|Any CPU = Debug|Any CPU
		Release|Any CPU = Release|Any CPU
	EndGlobalSection
	GlobalSection(ProjectConfigurationPlatforms) = postSolution
		{FC81278D-9A68-4CA8-AB5E-1A0D5DC3B19D}.Debug|Any CPU.ActiveCfg = Debug|Any CPU
		{FC81278D-9A68-4CA8-AB5E-1A0D5DC3B19D}.Debug|Any CPU.Build.0 = Debug|Any CPU
		{FC81278D-9A68-4CA8-AB5E-1A0D5DC3B19D}.Release|Any CPU.ActiveCfg = Release|Any CPU
		{FC81278D-9A68-4CA8-AB5E-1A0D5DC3B19D}.Release|Any CPU.Build.0 = Release|Any CPU
	EndGlobalSection
	GlobalSection(SolutionProperties) = preSolution
		HideSolutionNode = FALSE
	EndGlobalSection
	GlobalSection(ExtensibilityGlobals) = postSolution
		SolutionGuid = {E90C4DF2-D402-4E37-BA29-70B9D4C7D88C}
	EndGlobalSection
EndGlobal
